PODS:
  - Nocilla (0.10.0)

DEPENDENCIES:
  - Nocilla (from `https://github.com/pcantrell/Nocilla.git`, branch `delayed-response`)

EXTERNAL SOURCES:
  Nocilla:
    :branch: delayed-response
    :git: https://github.com/pcantrell/Nocilla.git

CHECKOUT OPTIONS:
  Nocilla:
    :commit: 80699b8eb96ccb50f76b825b9d7cd30b598470e3
    :git: https://github.com/pcantrell/Nocilla.git

SPEC CHECKSUMS:
  Nocilla: ae0a2b05f3087b473624ac2b25903695df51246a

PODFILE CHECKSUM: c847d2d0c6e091193d8df6fb17e0c4c92f716382

COCOAPODS: 1.0.1
